
Microsoft Visual Studio Solution File, Format Version 12.00
# Visual Studio Version 17
VisualStudioVersion = 17.14.36025.13 d17.14
MinimumVisualStudioVersion = 10.0.40219.1
Project("{FAE04EC0-301F-11D3-BF4B-00C04F79EFBC}") = "CoreBoy", "CoreBoy\CoreBoy.csproj", "{60E453D9-A335-4F3D-A0B6-63CAE0EC6947}"
EndProject
Project("{9A19103F-16F7-4668-BE54-9A1E7A4F7556}") = "CoreBoy.Test.Unit", "CoreBoy.Test.Unit\CoreBoy.Test.Unit.csproj", "{89AA3401-3EB7-4C96-8429-B28E9BE93754}"
EndProject
Project("{9A19103F-16F7-4668-BE54-9A1E7A4F7556}") = "CoreBoy.Test.Integration", "CoreBoy.Test.Integration\CoreBoy.Test.Integration.csproj", "{EAB44CCA-A65A-48CC-8ABB-096205788883}"
EndProject
Project("{9A19103F-16F7-4668-BE54-9A1E7A4F7556}") = "CoreBoy.Windows", "CoreBoy.Windows\CoreBoy.Windows.csproj", "{66AA473C-2F18-4A72-8F96-5F5A3E05F706}"
EndProject
Project("{9A19103F-16F7-4668-BE54-9A1E7A4F7556}") = "CoreBoy.Cli", "CoreBoy.Cli\CoreBoy.Cli.csproj", "{FB968AD4-425E-4BE5-8467-0DAD35591C62}"
EndProject
Project("{9A19103F-16F7-4668-BE54-9A1E7A4F7556}") = "CoreBoy.Avalonia", "CoreBoy.Avalonia\CoreBoy.Avalonia.csproj", "{B0420E38-BB16-4F15-AFA4-523531D53135}"
EndProject
Project("{FAE04EC0-301F-11D3-BF4B-00C04F79EFBC}") = "CoreBoy.Comet", "CoreBoy.Comet\CoreBoy.Comet.csproj", "{5EB4862A-4EF9-47C6-9439-481A4616C57D}"
EndProject
Project("{FAE04EC0-301F-11D3-BF4B-00C04F79EFBC}") = "CoreBoy.Comet.iOS", "CoreBoy.Comet.iOS\CoreBoy.Comet.iOS.csproj", "{BA2C8415-B3DC-409B-980E-DDDA5A5345BD}"
EndProject
Project("{FAE04EC0-301F-11D3-BF4B-00C04F79EFBC}") = "Comet", "..\Comet\src\Comet\Comet.csproj", "{C0008E7F-461D-4A6C-A76F-0A96025F9C5F}"
EndProject
Project("{FAE04EC0-301F-11D3-BF4B-00C04F79EFBC}") = "Comet.Skia", "..\Comet\src\Comet.Skia\Comet.Skia.csproj", "{172EC911-9B23-41E4-8715-91348FCEEFD3}"
EndProject
Project("{FAE04EC0-301F-11D3-BF4B-00C04F79EFBC}") = "Comet.iOS", "..\Comet\src\Comet.iOS\Comet.iOS.csproj", "{9DF36DBF-AFE6-438D-B7A6-1B5FB3D1D6D1}"
EndProject
Project("{FAE04EC0-301F-11D3-BF4B-00C04F79EFBC}") = "Comet.Skia.iOS", "..\Comet\src\Comet.Skia.iOS\Comet.Skia.iOS.csproj", "{9ACC68A5-5A5C-409D-A379-D62220A9F49F}"
EndProject
Project("{FAE04EC0-301F-11D3-BF4B-00C04F79EFBC}") = "CoreBoy.Maui", "CoreBoy.Maui\CoreBoy.Maui.csproj", "{1230A428-635D-4D17-AD32-16FF36B4A781}"
EndProject
Global
	GlobalSection(SolutionConfigurationPlatforms) = preSolution
		Debug|Any CPU = Debug|Any CPU
		Debug|iPhone = Debug|iPhone
		Debug|iPhoneSimulator = Debug|iPhoneSimulator
		Release|Any CPU = Release|Any CPU
		Release|iPhone = Release|iPhone
		Release|iPhoneSimulator = Release|iPhoneSimulator
	EndGlobalSection
	GlobalSection(ProjectConfigurationPlatforms) = postSolution
		{60E453D9-A335-4F3D-A0B6-63CAE0EC6947}.Debug|Any CPU.ActiveCfg = Debug|Any CPU
		{60E453D9-A335-4F3D-A0B6-63CAE0EC6947}.Debug|Any CPU.Build.0 = Debug|Any CPU
		{60E453D9-A335-4F3D-A0B6-63CAE0EC6947}.Debug|iPhone.ActiveCfg = Debug|Any CPU
		{60E453D9-A335-4F3D-A0B6-63CAE0EC6947}.Debug|iPhone.Build.0 = Debug|Any CPU
		{60E453D9-A335-4F3D-A0B6-63CAE0EC6947}.Debug|iPhoneSimulator.ActiveCfg = Debug|Any CPU
		{60E453D9-A335-4F3D-A0B6-63CAE0EC6947}.Debug|iPhoneSimulator.Build.0 = Debug|Any CPU
		{60E453D9-A335-4F3D-A0B6-63CAE0EC6947}.Release|Any CPU.ActiveCfg = Release|Any CPU
		{60E453D9-A335-4F3D-A0B6-63CAE0EC6947}.Release|Any CPU.Build.0 = Release|Any CPU
		{60E453D9-A335-4F3D-A0B6-63CAE0EC6947}.Release|iPhone.ActiveCfg = Release|Any CPU
		{60E453D9-A335-4F3D-A0B6-63CAE0EC6947}.Release|iPhone.Build.0 = Release|Any CPU
		{60E453D9-A335-4F3D-A0B6-63CAE0EC6947}.Release|iPhoneSimulator.ActiveCfg = Release|Any CPU
		{60E453D9-A335-4F3D-A0B6-63CAE0EC6947}.Release|iPhoneSimulator.Build.0 = Release|Any CPU
		{89AA3401-3EB7-4C96-8429-B28E9BE93754}.Debug|Any CPU.ActiveCfg = Debug|Any CPU
		{89AA3401-3EB7-4C96-8429-B28E9BE93754}.Debug|Any CPU.Build.0 = Debug|Any CPU
		{89AA3401-3EB7-4C96-8429-B28E9BE93754}.Debug|iPhone.ActiveCfg = Debug|Any CPU
		{89AA3401-3EB7-4C96-8429-B28E9BE93754}.Debug|iPhone.Build.0 = Debug|Any CPU
		{89AA3401-3EB7-4C96-8429-B28E9BE93754}.Debug|iPhoneSimulator.ActiveCfg = Debug|Any CPU
		{89AA3401-3EB7-4C96-8429-B28E9BE93754}.Debug|iPhoneSimulator.Build.0 = Debug|Any CPU
		{89AA3401-3EB7-4C96-8429-B28E9BE93754}.Release|Any CPU.ActiveCfg = Release|Any CPU
		{89AA3401-3EB7-4C96-8429-B28E9BE93754}.Release|Any CPU.Build.0 = Release|Any CPU
		{89AA3401-3EB7-4C96-8429-B28E9BE93754}.Release|iPhone.ActiveCfg = Release|Any CPU
		{89AA3401-3EB7-4C96-8429-B28E9BE93754}.Release|iPhone.Build.0 = Release|Any CPU
		{89AA3401-3EB7-4C96-8429-B28E9BE93754}.Release|iPhoneSimulator.ActiveCfg = Release|Any CPU
		{89AA3401-3EB7-4C96-8429-B28E9BE93754}.Release|iPhoneSimulator.Build.0 = Release|Any CPU
		{EAB44CCA-A65A-48CC-8ABB-096205788883}.Debug|Any CPU.ActiveCfg = Debug|Any CPU
		{EAB44CCA-A65A-48CC-8ABB-096205788883}.Debug|Any CPU.Build.0 = Debug|Any CPU
		{EAB44CCA-A65A-48CC-8ABB-096205788883}.Debug|iPhone.ActiveCfg = Debug|Any CPU
		{EAB44CCA-A65A-48CC-8ABB-096205788883}.Debug|iPhone.Build.0 = Debug|Any CPU
		{EAB44CCA-A65A-48CC-8ABB-096205788883}.Debug|iPhoneSimulator.ActiveCfg = Debug|Any CPU
		{EAB44CCA-A65A-48CC-8ABB-096205788883}.Debug|iPhoneSimulator.Build.0 = Debug|Any CPU
		{EAB44CCA-A65A-48CC-8ABB-096205788883}.Release|Any CPU.ActiveCfg = Release|Any CPU
		{EAB44CCA-A65A-48CC-8ABB-096205788883}.Release|Any CPU.Build.0 = Release|Any CPU
		{EAB44CCA-A65A-48CC-8ABB-096205788883}.Release|iPhone.ActiveCfg = Release|Any CPU
		{EAB44CCA-A65A-48CC-8ABB-096205788883}.Release|iPhone.Build.0 = Release|Any CPU
		{EAB44CCA-A65A-48CC-8ABB-096205788883}.Release|iPhoneSimulator.ActiveCfg = Release|Any CPU
		{EAB44CCA-A65A-48CC-8ABB-096205788883}.Release|iPhoneSimulator.Build.0 = Release|Any CPU
		{66AA473C-2F18-4A72-8F96-5F5A3E05F706}.Debug|Any CPU.ActiveCfg = Debug|Any CPU
		{66AA473C-2F18-4A72-8F96-5F5A3E05F706}.Debug|Any CPU.Build.0 = Debug|Any CPU
		{66AA473C-2F18-4A72-8F96-5F5A3E05F706}.Debug|iPhone.ActiveCfg = Debug|Any CPU
		{66AA473C-2F18-4A72-8F96-5F5A3E05F706}.Debug|iPhone.Build.0 = Debug|Any CPU
		{66AA473C-2F18-4A72-8F96-5F5A3E05F706}.Debug|iPhoneSimulator.ActiveCfg = Debug|Any CPU
		{66AA473C-2F18-4A72-8F96-5F5A3E05F706}.Debug|iPhoneSimulator.Build.0 = Debug|Any CPU
		{66AA473C-2F18-4A72-8F96-5F5A3E05F706}.Release|Any CPU.ActiveCfg = Release|Any CPU
		{66AA473C-2F18-4A72-8F96-5F5A3E05F706}.Release|Any CPU.Build.0 = Release|Any CPU
		{66AA473C-2F18-4A72-8F96-5F5A3E05F706}.Release|iPhone.ActiveCfg = Release|Any CPU
		{66AA473C-2F18-4A72-8F96-5F5A3E05F706}.Release|iPhone.Build.0 = Release|Any CPU
		{66AA473C-2F18-4A72-8F96-5F5A3E05F706}.Release|iPhoneSimulator.ActiveCfg = Release|Any CPU
		{66AA473C-2F18-4A72-8F96-5F5A3E05F706}.Release|iPhoneSimulator.Build.0 = Release|Any CPU
		{FB968AD4-425E-4BE5-8467-0DAD35591C62}.Debug|Any CPU.ActiveCfg = Debug|Any CPU
		{FB968AD4-425E-4BE5-8467-0DAD35591C62}.Debug|Any CPU.Build.0 = Debug|Any CPU
		{FB968AD4-425E-4BE5-8467-0DAD35591C62}.Debug|iPhone.ActiveCfg = Debug|Any CPU
		{FB968AD4-425E-4BE5-8467-0DAD35591C62}.Debug|iPhone.Build.0 = Debug|Any CPU
		{FB968AD4-425E-4BE5-8467-0DAD35591C62}.Debug|iPhoneSimulator.ActiveCfg = Debug|Any CPU
		{FB968AD4-425E-4BE5-8467-0DAD35591C62}.Debug|iPhoneSimulator.Build.0 = Debug|Any CPU
		{FB968AD4-425E-4BE5-8467-0DAD35591C62}.Release|Any CPU.ActiveCfg = Release|Any CPU
		{FB968AD4-425E-4BE5-8467-0DAD35591C62}.Release|Any CPU.Build.0 = Release|Any CPU
		{FB968AD4-425E-4BE5-8467-0DAD35591C62}.Release|iPhone.ActiveCfg = Release|Any CPU
		{FB968AD4-425E-4BE5-8467-0DAD35591C62}.Release|iPhone.Build.0 = Release|Any CPU
		{FB968AD4-425E-4BE5-8467-0DAD35591C62}.Release|iPhoneSimulator.ActiveCfg = Release|Any CPU
		{FB968AD4-425E-4BE5-8467-0DAD35591C62}.Release|iPhoneSimulator.Build.0 = Release|Any CPU
		{B0420E38-BB16-4F15-AFA4-523531D53135}.Debug|Any CPU.ActiveCfg = Debug|Any CPU
		{B0420E38-BB16-4F15-AFA4-523531D53135}.Debug|Any CPU.Build.0 = Debug|Any CPU
		{B0420E38-BB16-4F15-AFA4-523531D53135}.Debug|iPhone.ActiveCfg = Debug|Any CPU
		{B0420E38-BB16-4F15-AFA4-523531D53135}.Debug|iPhone.Build.0 = Debug|Any CPU
		{B0420E38-BB16-4F15-AFA4-523531D53135}.Debug|iPhoneSimulator.ActiveCfg = Debug|Any CPU
		{B0420E38-BB16-4F15-AFA4-523531D53135}.Debug|iPhoneSimulator.Build.0 = Debug|Any CPU
		{B0420E38-BB16-4F15-AFA4-523531D53135}.Release|Any CPU.ActiveCfg = Release|Any CPU
		{B0420E38-BB16-4F15-AFA4-523531D53135}.Release|Any CPU.Build.0 = Release|Any CPU
		{B0420E38-BB16-4F15-AFA4-523531D53135}.Release|iPhone.ActiveCfg = Release|Any CPU
		{B0420E38-BB16-4F15-AFA4-523531D53135}.Release|iPhone.Build.0 = Release|Any CPU
		{B0420E38-BB16-4F15-AFA4-523531D53135}.Release|iPhoneSimulator.ActiveCfg = Release|Any CPU
		{B0420E38-BB16-4F15-AFA4-523531D53135}.Release|iPhoneSimulator.Build.0 = Release|Any CPU
		{5EB4862A-4EF9-47C6-9439-481A4616C57D}.Debug|Any CPU.ActiveCfg = Debug|Any CPU
		{5EB4862A-4EF9-47C6-9439-481A4616C57D}.Debug|Any CPU.Build.0 = Debug|Any CPU
		{5EB4862A-4EF9-47C6-9439-481A4616C57D}.Debug|iPhone.ActiveCfg = Debug|Any CPU
		{5EB4862A-4EF9-47C6-9439-481A4616C57D}.Debug|iPhone.Build.0 = Debug|Any CPU
		{5EB4862A-4EF9-47C6-9439-481A4616C57D}.Debug|iPhoneSimulator.ActiveCfg = Debug|Any CPU
		{5EB4862A-4EF9-47C6-9439-481A4616C57D}.Debug|iPhoneSimulator.Build.0 = Debug|Any CPU
		{5EB4862A-4EF9-47C6-9439-481A4616C57D}.Release|Any CPU.ActiveCfg = Release|Any CPU
		{5EB4862A-4EF9-47C6-9439-481A4616C57D}.Release|Any CPU.Build.0 = Release|Any CPU
		{5EB4862A-4EF9-47C6-9439-481A4616C57D}.Release|iPhone.ActiveCfg = Release|Any CPU
		{5EB4862A-4EF9-47C6-9439-481A4616C57D}.Release|iPhone.Build.0 = Release|Any CPU
		{5EB4862A-4EF9-47C6-9439-481A4616C57D}.Release|iPhoneSimulator.ActiveCfg = Release|Any CPU
		{5EB4862A-4EF9-47C6-9439-481A4616C57D}.Release|iPhoneSimulator.Build.0 = Release|Any CPU
		{BA2C8415-B3DC-409B-980E-DDDA5A5345BD}.Debug|Any CPU.ActiveCfg = Debug|iPhoneSimulator
		{BA2C8415-B3DC-409B-980E-DDDA5A5345BD}.Debug|Any CPU.Build.0 = Debug|iPhoneSimulator
		{BA2C8415-B3DC-409B-980E-DDDA5A5345BD}.Debug|iPhone.ActiveCfg = Debug|iPhone
		{BA2C8415-B3DC-409B-980E-DDDA5A5345BD}.Debug|iPhone.Build.0 = Debug|iPhone
		{BA2C8415-B3DC-409B-980E-DDDA5A5345BD}.Debug|iPhoneSimulator.ActiveCfg = Debug|iPhoneSimulator
		{BA2C8415-B3DC-409B-980E-DDDA5A5345BD}.Debug|iPhoneSimulator.Build.0 = Debug|iPhoneSimulator
		{BA2C8415-B3DC-409B-980E-DDDA5A5345BD}.Release|Any CPU.ActiveCfg = Release|iPhoneSimulator
		{BA2C8415-B3DC-409B-980E-DDDA5A5345BD}.Release|Any CPU.Build.0 = Release|iPhoneSimulator
		{BA2C8415-B3DC-409B-980E-DDDA5A5345BD}.Release|iPhone.ActiveCfg = Release|iPhone
		{BA2C8415-B3DC-409B-980E-DDDA5A5345BD}.Release|iPhone.Build.0 = Release|iPhone
		{BA2C8415-B3DC-409B-980E-DDDA5A5345BD}.Release|iPhoneSimulator.ActiveCfg = Release|iPhoneSimulator
		{BA2C8415-B3DC-409B-980E-DDDA5A5345BD}.Release|iPhoneSimulator.Build.0 = Release|iPhoneSimulator
		{C0008E7F-461D-4A6C-A76F-0A96025F9C5F}.Debug|Any CPU.ActiveCfg = Debug|Any CPU
		{C0008E7F-461D-4A6C-A76F-0A96025F9C5F}.Debug|Any CPU.Build.0 = Debug|Any CPU
		{C0008E7F-461D-4A6C-A76F-0A96025F9C5F}.Debug|iPhone.ActiveCfg = Debug|Any CPU
		{C0008E7F-461D-4A6C-A76F-0A96025F9C5F}.Debug|iPhone.Build.0 = Debug|Any CPU
		{C0008E7F-461D-4A6C-A76F-0A96025F9C5F}.Debug|iPhoneSimulator.ActiveCfg = Debug|Any CPU
		{C0008E7F-461D-4A6C-A76F-0A96025F9C5F}.Debug|iPhoneSimulator.Build.0 = Debug|Any CPU
		{C0008E7F-461D-4A6C-A76F-0A96025F9C5F}.Release|Any CPU.ActiveCfg = Release|Any CPU
		{C0008E7F-461D-4A6C-A76F-0A96025F9C5F}.Release|Any CPU.Build.0 = Release|Any CPU
		{C0008E7F-461D-4A6C-A76F-0A96025F9C5F}.Release|iPhone.ActiveCfg = Release|Any CPU
		{C0008E7F-461D-4A6C-A76F-0A96025F9C5F}.Release|iPhone.Build.0 = Release|Any CPU
		{C0008E7F-461D-4A6C-A76F-0A96025F9C5F}.Release|iPhoneSimulator.ActiveCfg = Release|Any CPU
		{C0008E7F-461D-4A6C-A76F-0A96025F9C5F}.Release|iPhoneSimulator.Build.0 = Release|Any CPU
		{172EC911-9B23-41E4-8715-91348FCEEFD3}.Debug|Any CPU.ActiveCfg = Debug|Any CPU
		{172EC911-9B23-41E4-8715-91348FCEEFD3}.Debug|Any CPU.Build.0 = Debug|Any CPU
		{172EC911-9B23-41E4-8715-91348FCEEFD3}.Debug|iPhone.ActiveCfg = Debug|Any CPU
		{172EC911-9B23-41E4-8715-91348FCEEFD3}.Debug|iPhone.Build.0 = Debug|Any CPU
		{172EC911-9B23-41E4-8715-91348FCEEFD3}.Debug|iPhoneSimulator.ActiveCfg = Debug|Any CPU
		{172EC911-9B23-41E4-8715-91348FCEEFD3}.Debug|iPhoneSimulator.Build.0 = Debug|Any CPU
		{172EC911-9B23-41E4-8715-91348FCEEFD3}.Release|Any CPU.ActiveCfg = Release|Any CPU
		{172EC911-9B23-41E4-8715-91348FCEEFD3}.Release|Any CPU.Build.0 = Release|Any CPU
		{172EC911-9B23-41E4-8715-91348FCEEFD3}.Release|iPhone.ActiveCfg = Release|Any CPU
		{172EC911-9B23-41E4-8715-91348FCEEFD3}.Release|iPhone.Build.0 = Release|Any CPU
		{172EC911-9B23-41E4-8715-91348FCEEFD3}.Release|iPhoneSimulator.ActiveCfg = Release|Any CPU
		{172EC911-9B23-41E4-8715-91348FCEEFD3}.Release|iPhoneSimulator.Build.0 = Release|Any CPU
		{9DF36DBF-AFE6-438D-B7A6-1B5FB3D1D6D1}.Debug|Any CPU.ActiveCfg = Debug|Any CPU
		{9DF36DBF-AFE6-438D-B7A6-1B5FB3D1D6D1}.Debug|Any CPU.Build.0 = Debug|Any CPU
		{9DF36DBF-AFE6-438D-B7A6-1B5FB3D1D6D1}.Debug|iPhone.ActiveCfg = Debug|Any CPU
		{9DF36DBF-AFE6-438D-B7A6-1B5FB3D1D6D1}.Debug|iPhone.Build.0 = Debug|Any CPU
		{9DF36DBF-AFE6-438D-B7A6-1B5FB3D1D6D1}.Debug|iPhoneSimulator.ActiveCfg = Debug|Any CPU
		{9DF36DBF-AFE6-438D-B7A6-1B5FB3D1D6D1}.Debug|iPhoneSimulator.Build.0 = Debug|Any CPU
		{9DF36DBF-AFE6-438D-B7A6-1B5FB3D1D6D1}.Release|Any CPU.ActiveCfg = Release|Any CPU
		{9DF36DBF-AFE6-438D-B7A6-1B5FB3D1D6D1}.Release|Any CPU.Build.0 = Release|Any CPU
		{9DF36DBF-AFE6-438D-B7A6-1B5FB3D1D6D1}.Release|iPhone.ActiveCfg = Release|Any CPU
		{9DF36DBF-AFE6-438D-B7A6-1B5FB3D1D6D1}.Release|iPhone.Build.0 = Release|Any CPU
		{9DF36DBF-AFE6-438D-B7A6-1B5FB3D1D6D1}.Release|iPhoneSimulator.ActiveCfg = Release|Any CPU
		{9DF36DBF-AFE6-438D-B7A6-1B5FB3D1D6D1}.Release|iPhoneSimulator.Build.0 = Release|Any CPU
		{9ACC68A5-5A5C-409D-A379-D62220A9F49F}.Debug|Any CPU.ActiveCfg = Debug|Any CPU
		{9ACC68A5-5A5C-409D-A379-D62220A9F49F}.Debug|Any CPU.Build.0 = Debug|Any CPU
		{9ACC68A5-5A5C-409D-A379-D62220A9F49F}.Debug|iPhone.ActiveCfg = Debug|Any CPU
		{9ACC68A5-5A5C-409D-A379-D62220A9F49F}.Debug|iPhone.Build.0 = Debug|Any CPU
		{9ACC68A5-5A5C-409D-A379-D62220A9F49F}.Debug|iPhoneSimulator.ActiveCfg = Debug|Any CPU
		{9ACC68A5-5A5C-409D-A379-D62220A9F49F}.Debug|iPhoneSimulator.Build.0 = Debug|Any CPU
		{9ACC68A5-5A5C-409D-A379-D62220A9F49F}.Release|Any CPU.ActiveCfg = Release|Any CPU
		{9ACC68A5-5A5C-409D-A379-D62220A9F49F}.Release|Any CPU.Build.0 = Release|Any CPU
		{9ACC68A5-5A5C-409D-A379-D62220A9F49F}.Release|iPhone.ActiveCfg = Release|Any CPU
		{9ACC68A5-5A5C-409D-A379-D62220A9F49F}.Release|iPhone.Build.0 = Release|Any CPU
		{9ACC68A5-5A5C-409D-A379-D62220A9F49F}.Release|iPhoneSimulator.ActiveCfg = Release|Any CPU
		{9ACC68A5-5A5C-409D-A379-D62220A9F49F}.Release|iPhoneSimulator.Build.0 = Release|Any CPU
		{1230A428-635D-4D17-AD32-16FF36B4A781}.Debug|Any CPU.ActiveCfg = Debug|Any CPU
		{1230A428-635D-4D17-AD32-16FF36B4A781}.Debug|Any CPU.Build.0 = Debug|Any CPU
		{1230A428-635D-4D17-AD32-16FF36B4A781}.Debug|iPhone.ActiveCfg = Debug|Any CPU
		{1230A428-635D-4D17-AD32-16FF36B4A781}.Debug|iPhone.Build.0 = Debug|Any CPU
		{1230A428-635D-4D17-AD32-16FF36B4A781}.Debug|iPhoneSimulator.ActiveCfg = Debug|Any CPU
		{1230A428-635D-4D17-AD32-16FF36B4A781}.Debug|iPhoneSimulator.Build.0 = Debug|Any CPU
		{1230A428-635D-4D17-AD32-16FF36B4A781}.Release|Any CPU.ActiveCfg = Release|Any CPU
		{1230A428-635D-4D17-AD32-16FF36B4A781}.Release|Any CPU.Build.0 = Release|Any CPU
		{1230A428-635D-4D17-AD32-16FF36B4A781}.Release|iPhone.ActiveCfg = Release|Any CPU
		{1230A428-635D-4D17-AD32-16FF36B4A781}.Release|iPhone.Build.0 = Release|Any CPU
		{1230A428-635D-4D17-AD32-16FF36B4A781}.Release|iPhoneSimulator.ActiveCfg = Release|Any CPU
		{1230A428-635D-4D17-AD32-16FF36B4A781}.Release|iPhoneSimulator.Build.0 = Release|Any CPU
	EndGlobalSection
	GlobalSection(SolutionProperties) = preSolution
		HideSolutionNode = FALSE
	EndGlobalSection
	GlobalSection(ExtensibilityGlobals) = postSolution
		SolutionGuid = {ED2451C2-D4E7-41F9-9813-FAD1A94C3D47}
	EndGlobalSection
EndGlobal
